
Microsoft Visual Studio Solution File, Format Version 12.00
# Visual Studio 15
VisualStudioVersion = 15.0.27428.2043
MinimumVisualStudioVersion = 10.0.40219.1
Project("{FAE04EC0-301F-11D3-BF4B-00C04F79EFBC}") = "Data", "Data\Data.csproj", "{0B52A55D-2FD2-4D45-863D-1AFA5A1D36EC}"
EndProject
Project("{FAE04EC0-301F-11D3-BF4B-00C04F79EFBC}") = "BLL", "BLL\BLL.csproj", "{FB724DA1-1C12-4480-9C2E-0691E72D4DF5}"
EndProject
Project("{FAE04EC0-301F-11D3-BF4B-00C04F79EFBC}") = "DAL", "DAL\DAL.csproj", "{956C9E7B-F01B-4E70-A219-2005DE3AD215}"
EndProject
Project("{FAE04EC0-301F-11D3-BF4B-00C04F79EFBC}") = "WebApplication", "Teste\WebApplication.csproj", "{EF95DF17-F8DE-431B-9096-05F99FAC5ADE}"
EndProject
Project("{FAE04EC0-301F-11D3-BF4B-00C04F79EFBC}") = "DTO", "DTO\DTO.csproj", "{D7F619F7-8258-4EDE-A96E-C7125785EBC5}"
EndProject
Project("{FAE04EC0-301F-11D3-BF4B-00C04F79EFBC}") = "Enum", "Enum\Enum.csproj", "{CD4409F5-9B8D-4378-BDE6-A8C2CCDF1B92}"
EndProject
Project("{FAE04EC0-301F-11D3-BF4B-00C04F79EFBC}") = "Utils", "Utils\Utils.csproj", "{3CE7A8E7-9B85-4F6F-B047-2BAFD1DC3215}"
EndProject
Global
	GlobalSection(SolutionConfigurationPlatforms) = preSolution
		Debug|Any CPU = Debug|Any CPU
		Release|Any CPU = Release|Any CPU
	EndGlobalSection
	GlobalSection(ProjectConfigurationPlatforms) = postSolution
		{0B52A55D-2FD2-4D45-863D-1AFA5A1D36EC}.Debug|Any CPU.ActiveCfg = Debug|Any CPU
		{0B52A55D-2FD2-4D45-863D-1AFA5A1D36EC}.Debug|Any CPU.Build.0 = Debug|Any CPU
		{0B52A55D-2FD2-4D45-863D-1AFA5A1D36EC}.Release|Any CPU.ActiveCfg = Release|Any CPU
		{0B52A55D-2FD2-4D45-863D-1AFA5A1D36EC}.Release|Any CPU.Build.0 = Release|Any CPU
		{FB724DA1-1C12-4480-9C2E-0691E72D4DF5}.Debug|Any CPU.ActiveCfg = Debug|Any CPU
		{FB724DA1-1C12-4480-9C2E-0691E72D4DF5}.Debug|Any CPU.Build.0 = Debug|Any CPU
		{FB724DA1-1C12-4480-9C2E-0691E72D4DF5}.Release|Any CPU.ActiveCfg = Release|Any CPU
		{FB724DA1-1C12-4480-9C2E-0691E72D4DF5}.Release|Any CPU.Build.0 = Release|Any CPU
		{956C9E7B-F01B-4E70-A219-2005DE3AD215}.Debug|Any CPU.ActiveCfg = Debug|Any CPU
		{956C9E7B-F01B-4E70-A219-2005DE3AD215}.Debug|Any CPU.Build.0 = Debug|Any CPU
		{956C9E7B-F01B-4E70-A219-2005DE3AD215}.Release|Any CPU.ActiveCfg = Release|Any CPU
		{956C9E7B-F01B-4E70-A219-2005DE3AD215}.Release|Any CPU.Build.0 = Release|Any CPU
		{EF95DF17-F8DE-431B-9096-05F99FAC5ADE}.Debug|Any CPU.ActiveCfg = Debug|Any CPU
		{EF95DF17-F8DE-431B-9096-05F99FAC5ADE}.Debug|Any CPU.Build.0 = Debug|Any CPU
		{EF95DF17-F8DE-431B-9096-05F99FAC5ADE}.Release|Any CPU.ActiveCfg = Release|Any CPU
		{EF95DF17-F8DE-431B-9096-05F99FAC5ADE}.Release|Any CPU.Build.0 = Release|Any CPU
		{D7F619F7-8258-4EDE-A96E-C7125785EBC5}.Debug|Any CPU.ActiveCfg = Debug|Any CPU
		{D7F619F7-8258-4EDE-A96E-C7125785EBC5}.Debug|Any CPU.Build.0 = Debug|Any CPU
		{D7F619F7-8258-4EDE-A96E-C7125785EBC5}.Release|Any CPU.ActiveCfg = Release|Any CPU
		{D7F619F7-8258-4EDE-A96E-C7125785EBC5}.Release|Any CPU.Build.0 = Release|Any CPU
		{CD4409F5-9B8D-4378-BDE6-A8C2CCDF1B92}.Debug|Any CPU.ActiveCfg = Debug|Any CPU
		{CD4409F5-9B8D-4378-BDE6-A8C2CCDF1B92}.Debug|Any CPU.Build.0 = Debug|Any CPU
		{CD4409F5-9B8D-4378-BDE6-A8C2CCDF1B92}.Release|Any CPU.ActiveCfg = Release|Any CPU
		{CD4409F5-9B8D-4378-BDE6-A8C2CCDF1B92}.Release|Any CPU.Build.0 = Release|Any CPU
		{3CE7A8E7-9B85-4F6F-B047-2BAFD1DC3215}.Debug|Any CPU.ActiveCfg = Debug|Any CPU
		{3CE7A8E7-9B85-4F6F-B047-2BAFD1DC3215}.Debug|Any CPU.Build.0 = Debug|Any CPU
		{3CE7A8E7-9B85-4F6F-B047-2BAFD1DC3215}.Release|Any CPU.ActiveCfg = Release|Any CPU
		{3CE7A8E7-9B85-4F6F-B047-2BAFD1DC3215}.Release|Any CPU.Build.0 = Release|Any CPU
	EndGlobalSection
	GlobalSection(SolutionProperties) = preSolution
		HideSolutionNode = FALSE
	EndGlobalSection
	GlobalSection(ExtensibilityGlobals) = postSolution
		SolutionGuid = {763B4506-2392-4E9D-9F72-1AAD310737AC}
	EndGlobalSection
EndGlobal
